Microsoft Visual Studio Solution File, Format Version 12.00
# Visual Studio Version 17
VisualStudioVersion = 17.5.2.0
MinimumVisualStudioVersion = 10.0.40219.1
Project("{FAE04EC0-301F-11D3-BF4B-00C04F79EFBC}") = "opennest_2", "opennest_2.csproj", "{F16B35FF-D243-FB36-F9D6-C4F5D3A42F69}"
EndProject
Global
	GlobalSection(SolutionConfigurationPlatforms) = preSolution
		Debug|Any CPU = Debug|Any CPU
		Release|Any CPU = Release|Any CPU
	EndGlobalSection
	GlobalSection(ProjectConfigurationPlatforms) = postSolution
		{F16B35FF-D243-FB36-F9D6-C4F5D3A42F69}.Debug|Any CPU.ActiveCfg = Debug|Any CPU
		{F16B35FF-D243-FB36-F9D6-C4F5D3A42F69}.Debug|Any CPU.Build.0 = Debug|Any CPU
		{F16B35FF-D243-FB36-F9D6-C4F5D3A42F69}.Release|Any CPU.ActiveCfg = Release|Any CPU
		{F16B35FF-D243-FB36-F9D6-C4F5D3A42F69}.Release|Any CPU.Build.0 = Release|Any CPU
	EndGlobalSection
	GlobalSection(SolutionProperties) = preSolution
		HideSolutionNode = FALSE
	EndGlobalSection
	GlobalSection(ExtensibilityGlobals) = postSolution
		SolutionGuid = {D3660CC0-B2DD-41B8-9466-96B6B33E8BFD}
	EndGlobalSection
EndGlobal
